
Microsoft Visual Studio Solution File, Format Version 12.00
# Visual Studio Version 16
VisualStudioVersion = 25.0.1700.0
MinimumVisualStudioVersion = 10.0.40219.1
Project("{FAE04EC0-301F-11D3-BF4B-00C04F79EFBC}") = "Turtle", "Turtle\Turtle.csproj", "{9E41B487-3EBD-4164-89BE-21D71677CA9C}"
EndProject
Project("{FAE04EC0-301F-11D3-BF4B-00C04F79EFBC}") = "Core", "Core\Core.csproj", "{0BF5966C-511C-44FA-BC62-DC2BAE25FC57}"
EndProject
Global
	GlobalSection(SolutionConfigurationPlatforms) = preSolution
		Debug|Any CPU = Debug|Any CPU
		Release|Any CPU = Release|Any CPU
	EndGlobalSection
	GlobalSection(ProjectConfigurationPlatforms) = postSolution
		{9E41B487-3EBD-4164-89BE-21D71677CA9C}.Debug|Any CPU.ActiveCfg = Debug|Any CPU
		{9E41B487-3EBD-4164-89BE-21D71677CA9C}.Debug|Any CPU.Build.0 = Debug|Any CPU
		{9E41B487-3EBD-4164-89BE-21D71677CA9C}.Release|Any CPU.ActiveCfg = Release|Any CPU
		{9E41B487-3EBD-4164-89BE-21D71677CA9C}.Release|Any CPU.Build.0 = Release|Any CPU
		{0BF5966C-511C-44FA-BC62-DC2BAE25FC57}.Debug|Any CPU.ActiveCfg = Debug|Any CPU
		{0BF5966C-511C-44FA-BC62-DC2BAE25FC57}.Debug|Any CPU.Build.0 = Debug|Any CPU
		{0BF5966C-511C-44FA-BC62-DC2BAE25FC57}.Release|Any CPU.ActiveCfg = Release|Any CPU
		{0BF5966C-511C-44FA-BC62-DC2BAE25FC57}.Release|Any CPU.Build.0 = Release|Any CPU
	EndGlobalSection
	GlobalSection(SolutionProperties) = preSolution
		HideSolutionNode = FALSE
	EndGlobalSection
	GlobalSection(ExtensibilityGlobals) = postSolution
		SolutionGuid = {7A78817C-01AB-45CA-BB00-86F3B77F1871}
	EndGlobalSection
EndGlobal
